
Microsoft Visual Studio Solution File, Format Version 12.00
# Visual Studio Version 17
VisualStudioVersion = 17.5.002.0
MinimumVisualStudioVersion = 10.0.40219.1
Project("{9A19103F-16F7-4668-BE54-9A1E7A4F7556}") = "CarRentalSystem01", "CarRentalSystem01.csproj", "{52A0246F-E53C-4FF5-9872-D21DA9A99DE9}"
EndProject
Global
	GlobalSection(SolutionConfigurationPlatforms) = preSolution
		Debug|Any CPU = Debug|Any CPU
		Release|Any CPU = Release|Any CPU
	EndGlobalSection
	GlobalSection(ProjectConfigurationPlatforms) = postSolution
		{52A0246F-E53C-4FF5-9872-D21DA9A99DE9}.Debug|Any CPU.ActiveCfg = Debug|Any CPU
		{52A0246F-E53C-4FF5-9872-D21DA9A99DE9}.Debug|Any CPU.Build.0 = Debug|Any CPU
		{52A0246F-E53C-4FF5-9872-D21DA9A99DE9}.Release|Any CPU.ActiveCfg = Release|Any CPU
		{52A0246F-E53C-4FF5-9872-D21DA9A99DE9}.Release|Any CPU.Build.0 = Release|Any CPU
	EndGlobalSection
	GlobalSection(SolutionProperties) = preSolution
		HideSolutionNode = FALSE
	EndGlobalSection
	GlobalSection(ExtensibilityGlobals) = postSolution
		SolutionGuid = {0A042652-0DC8-401E-995F-3BEC940C579B}
	EndGlobalSection
EndGlobal
